
Microsoft Visual Studio Solution File, Format Version 12.00
Project("{FAE04EC0-301F-11D3-BF4B-00C04F79EFBC}") = "PetHouse.API", "PetHouse.API\PetHouse.API.csproj", "{32D0F777-B61C-40B1-ADE4-52078070C50B}"
EndProject
Project("{FAE04EC0-301F-11D3-BF4B-00C04F79EFBC}") = "PetHouse.Persistence", "PetHouse.Persistence\PetHouse.Persistence.csproj", "{6738ACCB-BA86-4013-B2D0-4DF470250307}"
EndProject
Project("{FAE04EC0-301F-11D3-BF4B-00C04F79EFBC}") = "PetHouse.Application", "PetHouse.Application\PetHouse.Application.csproj", "{4190AFEE-952D-4C7E-AC34-13EEE8BA09FA}"
EndProject
Project("{FAE04EC0-301F-11D3-BF4B-00C04F79EFBC}") = "PetHouse.Core", "PetHouse.Core\PetHouse.Core.csproj", "{9C446C57-A864-46CB-8653-9BEDF0FAC243}"
EndProject
Project("{FAE04EC0-301F-11D3-BF4B-00C04F79EFBC}") = "PetHouse.Infrastructure", "PetHouse.Infrastructure\PetHouse.Infrastructure.csproj", "{B2FE292F-7A70-4598-9797-DBFD877E0E9D}"
EndProject
Global
	GlobalSection(SolutionConfigurationPlatforms) = preSolution
		Debug|Any CPU = Debug|Any CPU
		Release|Any CPU = Release|Any CPU
	EndGlobalSection
	GlobalSection(ProjectConfigurationPlatforms) = postSolution
		{32D0F777-B61C-40B1-ADE4-52078070C50B}.Debug|Any CPU.ActiveCfg = Debug|Any CPU
		{32D0F777-B61C-40B1-ADE4-52078070C50B}.Debug|Any CPU.Build.0 = Debug|Any CPU
		{32D0F777-B61C-40B1-ADE4-52078070C50B}.Release|Any CPU.ActiveCfg = Release|Any CPU
		{32D0F777-B61C-40B1-ADE4-52078070C50B}.Release|Any CPU.Build.0 = Release|Any CPU
		{6738ACCB-BA86-4013-B2D0-4DF470250307}.Debug|Any CPU.ActiveCfg = Debug|Any CPU
		{6738ACCB-BA86-4013-B2D0-4DF470250307}.Debug|Any CPU.Build.0 = Debug|Any CPU
		{6738ACCB-BA86-4013-B2D0-4DF470250307}.Release|Any CPU.ActiveCfg = Release|Any CPU
		{6738ACCB-BA86-4013-B2D0-4DF470250307}.Release|Any CPU.Build.0 = Release|Any CPU
		{4190AFEE-952D-4C7E-AC34-13EEE8BA09FA}.Debug|Any CPU.ActiveCfg = Debug|Any CPU
		{4190AFEE-952D-4C7E-AC34-13EEE8BA09FA}.Debug|Any CPU.Build.0 = Debug|Any CPU
		{4190AFEE-952D-4C7E-AC34-13EEE8BA09FA}.Release|Any CPU.ActiveCfg = Release|Any CPU
		{4190AFEE-952D-4C7E-AC34-13EEE8BA09FA}.Release|Any CPU.Build.0 = Release|Any CPU
		{9C446C57-A864-46CB-8653-9BEDF0FAC243}.Debug|Any CPU.ActiveCfg = Debug|Any CPU
		{9C446C57-A864-46CB-8653-9BEDF0FAC243}.Debug|Any CPU.Build.0 = Debug|Any CPU
		{9C446C57-A864-46CB-8653-9BEDF0FAC243}.Release|Any CPU.ActiveCfg = Release|Any CPU
		{9C446C57-A864-46CB-8653-9BEDF0FAC243}.Release|Any CPU.Build.0 = Release|Any CPU
		{B2FE292F-7A70-4598-9797-DBFD877E0E9D}.Debug|Any CPU.ActiveCfg = Debug|Any CPU
		{B2FE292F-7A70-4598-9797-DBFD877E0E9D}.Debug|Any CPU.Build.0 = Debug|Any CPU
		{B2FE292F-7A70-4598-9797-DBFD877E0E9D}.Release|Any CPU.ActiveCfg = Release|Any CPU
		{B2FE292F-7A70-4598-9797-DBFD877E0E9D}.Release|Any CPU.Build.0 = Release|Any CPU
	EndGlobalSection
EndGlobal
